// !$*UTF8*$!
{
	archiveVersion = 1;
	classes = {
	};
	objectVersion = 48;
	objects = {

/* Begin PBXBuildFile section */
		77D4F9731F6A004C00441EBA /* AppDelegate.swift in Sources */ = {isa = PBXBuildFile; fileRef = 77D4F9721F6A004C00441EBA /* AppDelegate.swift */; };
		77D4F9751F6A004C00441EBA /* ViewController.swift in Sources */ = {isa = PBXBuildFile; fileRef = 77D4F9741F6A004C00441EBA /* ViewController.swift */; };
		77D4F9781F6A004C00441EBA /* Main.storyboard in Resources */ = {isa = PBXBuildFile; fileRef = 77D4F9761F6A004C00441EBA /* Main.storyboard */; };
		77D4F97A1F6A004C00441EBA /* Assets.xcassets in Resources */ = {isa = PBXBuildFile; fileRef = 77D4F9791F6A004C00441EBA /* Assets.xcassets */; };
		77D4F97D1F6A004C00441EBA /* LaunchScreen.storyboard in Resources */ = {isa = PBXBuildFile; fileRef = 77D4F97B1F6A004C00441EBA /* LaunchScreen.storyboard */; };
/* End PBXBuildFile section */

/* Begin PBXFileReference section */
		77D4F96F1F6A004C00441EBA /* MAPD714-Vbilyk-Lab02.app */ = {isa = PBXFileReference; explicitFileType = wrapper.application; includeInIndex = 0; path = "MAPD714-Vbilyk-Lab02.app"; sourceTree = BUILT_PRODUCTS_DIR; };
		77D4F9721F6A004C00441EBA /* AppDelegate.swift */ = {isa = PBXFileReference; lastKnownFileType = sourcecode.swift; path = AppDelegate.swift; sourceTree = "<group>"; };
		77D4F9741F6A004C00441EBA /* ViewController.swift */ = {isa = PBXFileReference; lastKnownFileType = sourcecode.swift; path = ViewController.swift; sourceTree = "<group>"; };
		77D4F9771F6A004C00441EBA /* Base */ = {isa = PBXFileReference; lastKnownFileType = file.storyboard; name = Base; path = Base.lproj/Main.storyboard; sourceTree = "<group>"; };
		77D4F9791F6A004C00441EBA /* Assets.xcassets */ = {isa = PBXFileReference; lastKnownFileType = folder.assetcatalog; path = Assets.xcassets; sourceTree = "<group>"; };
		77D4F97C1F6A004C00441EBA /* Base */ = {isa = PBXFileReference; lastKnownFileType = file.storyboard; name = Base; path = Base.lproj/LaunchScreen.storyboard; sourceTree = "<group>"; };
		77D4F97E1F6A004C00441EBA /* Info.plist */ = {isa = PBXFileReference; lastKnownFileType = text.plist.xml; path = Info.plist; sourceTree = "<group>"; };
/* End PBXFileReference section */

/* Begin PBXFrameworksBuildPhase section */
		77D4F96C1F6A004C00441EBA /* Frameworks */ = {
			isa = PBXFrameworksBuildPhase;
			buildActionMask = 2147483647;
			files = (
			);
			runOnlyForDeploymentPostprocessing = 0;
		};
/* End PBXFrameworksBuildPhase section */

/* Begin PBXGroup section */
		77D4F9661F6A004C00441EBA = {
			isa = PBXGroup;
			children = (
				77D4F9711F6A004C00441EBA /* MAPD714-Vbilyk-Lab02 */,
				77D4F9701F6A004C00441EBA /* Products */,
			);
			sourceTree = "<group>";
		};
		77D4F9701F6A004C00441EBA /* Products */ = {
			isa = PBXGroup;
			children = (
				77D4F96F1F6A004C00441EBA /* MAPD714-Vbilyk-Lab02.app */,
			);
			name = Products;
			sourceTree = "<group>";
		};
		77D4F9711F6A004C00441EBA /* MAPD714-Vbilyk-Lab02 */ = {
			isa = PBXGroup;
			children = (
				77D4F9721F6A004C00441EBA /* AppDelegate.swift */,
				77D4F9741F6A004C00441EBA /* ViewController.swift */,
				77D4F9761F6A004C00441EBA /* Main.storyboard */,
				77D4F9791F6A004C00441EBA /* Assets.xcassets */,
				77D4F97B1F6A004C00441EBA /* LaunchScreen.storyboard */,
				77D4F97E1F6A004C00441EBA /* Info.plist */,
			);
			path = "MAPD714-Vbilyk-Lab02";
			sourceTree = "<group>";
		};
/* End PBXGroup section */

/* Begin PBXNativeTarget section */
		77D4F96E1F6A004C00441EBA /* MAPD714-Vbilyk-Lab02 */ = {
			isa = PBXNativeTarget;
			buildConfigurationList = 77D4F9811F6A004C00441EBA /* Build configuration list for PBXNativeTarget "MAPD714-Vbilyk-Lab02" */;
			buildPhases = (
				77D4F96B1F6A004C00441EBA /* Sources */,
				77D4F96C1F6A004C00441EBA /* Frameworks */,
				77D4F96D1F6A004C00441EBA /* Resources */,
			);
			buildRules = (
			);
			dependencies = (
			);
			name = "MAPD714-Vbilyk-Lab02";
			productName = "MAPD714-Vbilyk-Lab02";
			productReference = 77D4F96F1F6A004C00441EBA /* MAPD714-Vbilyk-Lab02.app */;
			productType = "com.apple.product-type.application";
		};
/* End PBXNativeTarget section */

/* Begin PBXProject section */
		77D4F9671F6A004C00441EBA /* Project object */ = {
			isa = PBXProject;
			attributes = {
				LastSwiftUpdateCheck = 0900;
				LastUpgradeCheck = 0900;
				ORGANIZATIONNAME = "WonderLands LLC";
				TargetAttributes = {
					77D4F96E1F6A004C00441EBA = {
						CreatedOnToolsVersion = 9.0;
						ProvisioningStyle = Automatic;
					};
				};
			};
			buildConfigurationList = 77D4F96A1F6A004C00441EBA /* Build configuration list for PBXProject "MAPD714-Vbilyk-Lab02" */;
			compatibilityVersion = "Xcode 8.0";
			developmentRegion = en;
			hasScannedForEncodings = 0;
			knownRegions = (
				en,
				Base,
			);
			mainGroup = 77D4F9661F6A004C00441EBA;
			productRefGroup = 77D4F9701F6A004C00441EBA /* Products */;
			projectDirPath = "";
			projectRoot = "";
			targets = (
				77D4F96E1F6A004C00441EBA /* MAPD714-Vbilyk-Lab02 */,
			);
		};
/* End PBXProject section */

/* Begin PBXResourcesBuildPhase section */
		77D4F96D1F6A004C00441EBA /* Resources */ = {
			isa = PBXResourcesBuildPhase;
			buildActionMask = 2147483647;
			files = (
				77D4F97D1F6A004C00441EBA /* LaunchScreen.storyboard in Resources */,
				77D4F97A1F6A004C00441EBA /* Assets.xcassets in Resources */,
				77D4F9781F6A004C00441EBA /* Main.storyboard in Resources */,
			);
			runOnlyForDeploymentPostprocessing = 0;
		};
/* End PBXResourcesBuildPhase section */

/* Begin PBXSourcesBuildPhase section */
		77D4F96B1F6A004C00441EBA /* Sources */ = {
			isa = PBXSourcesBuildPhase;
			buildActionMask = 2147483647;
			files = (
				77D4F9751F6A004C00441EBA /* ViewController.swift in Sources */,
				77D4F9731F6A004C00441EBA /* AppDelegate.swift in Sources */,
			);
			runOnlyForDeploymentPostprocessing = 0;
		};
/* End PBXSourcesBuildPhase section */

/* Begin PBXVariantGroup section */
		77D4F9761F6A004C00441EBA /* Main.storyboard */ = {
			isa = PBXVariantGroup;
			children = (
				77D4F9771F6A004C00441EBA /* Base */,
			);
			name = Main.storyboard;
			sourceTree = "<group>";
		};
		77D4F97B1F6A004C00441EBA /* LaunchScreen.storyboard */ = {
			isa = PBXVariantGroup;
			children = (
				77D4F97C1F6A004C00441EBA /* Base */,
			);
			name = LaunchScreen.storyboard;
			sourceTree = "<group>";
		};
/* End PBXVariantGroup section */

/* Begin XCBuildConfiguration section */
		77D4F97F1F6A004C00441EBA /* Debug */ = {
			isa = XCBuildConfiguration;
			buildSettings = {
				ALWAYS_SEARCH_USER_PATHS = NO;
				CLANG_ANALYZER_NONNULL = YES;
				CLANG_ANALYZER_NUMBER_OBJECT_CONVERSION = YES_AGGRESSIVE;
				CLANG_CXX_LANGUAGE_STANDARD = "gnu++14";
				CLANG_CXX_LIBRARY = "libc++";
				CLANG_ENABLE_MODULES = YES;
				CLANG_ENABLE_OBJC_ARC = YES;
				CLANG_WARN_BLOCK_CAPTURE_AUTORELEASING = YES;
				CLANG_WARN_BOOL_CONVERSION = YES;
				CLANG_WARN_COMMA = YES;
				CLANG_WARN_CONSTANT_CONVERSION = YES;
				CLANG_WARN_DIRECT_OBJC_ISA_USAGE = YES_ERROR;
				CLANG_WARN_DOCUMENTATION_COMMENTS = YES;
				CLANG_WARN_EMPTY_BODY = YES;
				CLANG_WARN_ENUM_CONVERSION = YES;
				CLANG_WARN_INFINITE_RECURSION = YES;
				CLANG_WARN_INT_CONVERSION = YES;
				CLANG_WARN_NON_LITERAL_NULL_CONVERSION = YES;
				CLANG_WARN_OBJC_LITERAL_CONVERSION = YES;
				CLANG_WARN_OBJC_ROOT_CLASS = YES_ERROR;
				CLANG_WARN_RANGE_LOOP_ANALYSIS = YES;
				CLANG_WARN_STRICT_PROTOTYPES = YES;
				CLANG_WARN_SUSPICIOUS_MOVE = YES;
				CLANG_WARN_UNGUARDED_AVAILABILITY = YES_AGGRESSIVE;
				CLANG_WARN_UNREACHABLE_CODE = YES;
				CLANG_WARN__DUPLICATE_METHOD_MATCH = YES;
				CODE_SIGN_IDENTITY = "iPhone Developer";
				COPY_PHASE_STRIP = NO;
				DEBUG_INFORMATION_FORMAT = dwarf;
				ENABLE_STRICT_OBJC_MSGSEND = YES;
				ENABLE_TESTABILITY = YES;
				GCC_C_LANGUAGE_STANDARD = gnu11;
				GCC_DYNAMIC_NO_PIC = NO;
				GCC_NO_COMMON_BLOCKS = YES;
				GCC_OPTIMIZATION_LEVEL = 0;
				GCC_PREPROCESSOR_DEFINITIONS = (
					"DEBUG=1",
					"$(inherited)",
				);
				GCC_WARN_64_TO_32_BIT_CONVERSION = YES;
				GCC_WARN_ABOUT_RETURN_TYPE = YES_ERROR;
				GCC_WARN_UNDECLARED_SELECTOR = YES;
				GCC_WARN_UNINITIALIZED_AUTOS = YES_AGGRESSIVE;
				GCC_WARN_UNUSED_FUNCTION = YES;
				GCC_WARN_UNUSED_VARIABLE = YES;
				IPHONEOS_DEPLOYMENT_TARGET = 11.0;
				MTL_ENABLE_DEBUG_INFO = YES;
				ONLY_ACTIVE_ARCH = YES;
				SDKROOT = iphoneos;
				SWIFT_ACTIVE_COMPILATION_CONDITIONS = DEBUG;
				SWIFT_OPTIMIZATION_LEVEL = "-Onone";
			};
			name = Debug;
		};
		77D4F9801F6A004C00441EBA /* Release */ = {
			isa = XCBuildConfiguration;
			buildSettings = {
				ALWAYS_SEARCH_USER_PATHS = NO;
				CLANG_ANALYZER_NONNULL = YES;
				CLANG_ANALYZER_NUMBER_OBJECT_CONVERSION = YES_AGGRESSIVE;
				CLANG_CXX_LANGUAGE_STANDARD = "gnu++14";
				CLANG_CXX_LIBRARY = "libc++";
				CLANG_ENABLE_MODULES = YES;
				CLANG_ENABLE_OBJC_ARC = YES;
				CLANG_WARN_BLOCK_CAPTURE_AUTORELEASING = YES;
				CLANG_WARN_BOOL_CONVERSION = YES;
				CLANG_WARN_COMMA = YES;
				CLANG_WARN_CONSTANT_CONVERSION = YES;
				CLANG_WARN_DIRECT_OBJC_ISA_USAGE = YES_ERROR;
				CLANG_WARN_DOCUMENTATION_COMMENTS = YES;
				CLANG_WARN_EMPTY_BODY = YES;
				CLANG_WARN_ENUM_CONVERSION = YES;
				CLANG_WARN_INFINITE_RECURSION = YES;
				CLANG_WARN_INT_CONVERSION = YES;
				CLANG_WARN_NON_LITERAL_NULL_CONVERSION = YES;
				CLANG_WARN_OBJC_LITERAL_CONVERSION = YES;
				CLANG_WARN_OBJC_ROOT_CLASS = YES_ERROR;
				CLANG_WARN_RANGE_LOOP_ANALYSIS = YES;
				CLANG_WARN_STRICT_PROTOTYPES = YES;
				CLANG_WARN_SUSPICIOUS_MOVE = YES;
				CLANG_WARN_UNGUARDED_AVAILABILITY = YES_AGGRESSIVE;
				CLANG_WARN_UNREACHABLE_CODE = YES;
				CLANG_WARN__DUPLICATE_METHOD_MATCH = YES;
				CODE_SIGN_IDENTITY = "iPhone Developer";
				COPY_PHASE_STRIP = NO;
				DEBUG_INFORMATION_FORMAT = "dwarf-with-dsym";
				ENABLE_NS_ASSERTIONS = NO;
				ENABLE_STRICT_OBJC_MSGSEND = YES;
				GCC_C_LANGUAGE_STANDARD = gnu11;
				GCC_NO_COMMON_BLOCKS = YES;
				GCC_WARN_64_TO_32_BIT_CONVERSION = YES;
				GCC_WARN_ABOUT_RETURN_TYPE = YES_ERROR;
				GCC_WARN_UNDECLARED_SELECTOR = YES;
				GCC_WARN_UNINITIALIZED_AUTOS = YES_AGGRESSIVE;
				GCC_WARN_UNUSED_FUNCTION = YES;
				GCC_WARN_UNUSED_VARIABLE = YES;
				IPHONEOS_DEPLOYMENT_TARGET = 11.0;
				MTL_ENABLE_DEBUG_INFO = NO;
				SDKROOT = iphoneos;
				SWIFT_OPTIMIZATION_LEVEL = "-Owholemodule";
				VALIDATE_PRODUCT = YES;
			};
			name = Release;
		};
		77D4F9821F6A004C00441EBA /* Debug */ = {
			isa = XCBuildConfiguration;
			buildSettings = {
				ASSETCATALOG_COMPILER_APPICON_NAME = AppIcon;
				CODE_SIGN_STYLE = Automatic;
				DEVELOPMENT_TEAM = 2BULHRS882;
				INFOPLIST_FILE = "MAPD714-Vbilyk-Lab02/Info.plist";
				LD_RUNPATH_SEARCH_PATHS = "$(inherited) @executable_path/Frameworks";
				PRODUCT_BUNDLE_IDENTIFIER = "ca.centennialcollege.MAPD714-Vbilyk-Lab02";
				PRODUCT_NAME = "$(TARGET_NAME)";
				SWIFT_VERSION = 4.0;
				TARGETED_DEVICE_FAMILY = "1,2";
			};
			name = Debug;
		};
		77D4F9831F6A004C00441EBA /* Release */ = {
			isa = XCBuildConfiguration;
			buildSettings = {
				ASSETCATALOG_COMPILER_APPICON_NAME = AppIcon;
				CODE_SIGN_STYLE = Automatic;
				DEVELOPMENT_TEAM = 2BULHRS882;
				INFOPLIST_FILE = "MAPD714-Vbilyk-Lab02/Info.plist";
				LD_RUNPATH_SEARCH_PATHS = "$(inherited) @executable_path/Frameworks";
				PRODUCT_BUNDLE_IDENTIFIER = "ca.centennialcollege.MAPD714-Vbilyk-Lab02";
				PRODUCT_NAME = "$(TARGET_NAME)";
				SWIFT_VERSION = 4.0;
				TARGETED_DEVICE_FAMILY = "1,2";
			};
			name = Release;
		};
/* End XCBuildConfiguration section */

/* Begin XCConfigurationList section */
		77D4F96A1F6A004C00441EBA /* Build configuration list for PBXProject "MAPD714-Vbilyk-Lab02" */ = {
			isa = XCConfigurationList;
			buildConfigurations = (
				77D4F97F1F6A004C00441EBA /* Debug */,
				77D4F9801F6A004C00441EBA /* Release */,
			);
			defaultConfigurationIsVisible = 0;
			defaultConfigurationName = Release;
		};
		77D4F9811F6A004C00441EBA /* Build configuration list for PBXNativeTarget "MAPD714-Vbilyk-Lab02" */ = {
			isa = XCConfigurationList;
			buildConfigurations = (
				77D4F9821F6A004C00441EBA /* Debug */,
				77D4F9831F6A004C00441EBA /* Release */,
			);
			defaultConfigurationIsVisible = 0;
			defaultConfigurationName = Release;
		};
/* End XCConfigurationList section */
	};
	rootObject = 77D4F9671F6A004C00441EBA /* Project object */;
}
